
Microsoft Visual Studio Solution File, Format Version 12.00
# Visual Studio Version 17
VisualStudioVersion = 17.14.36301.6 d17.14
MinimumVisualStudioVersion = 10.0.40219.1
Project("{FAE04EC0-301F-11D3-BF4B-00C04F79EFBC}") = "restaurantManager", "restaurantManager\restaurantManager.csproj", "{A5B39DDB-433E-4130-857E-AA81671B25B7}"
EndProject
Global
	GlobalSection(SolutionConfigurationPlatforms) = preSolution
		Debug|Any CPU = Debug|Any CPU
		Release|Any CPU = Release|Any CPU
	EndGlobalSection
	GlobalSection(ProjectConfigurationPlatforms) = postSolution
		{A5B39DDB-433E-4130-857E-AA81671B25B7}.Debug|Any CPU.ActiveCfg = Debug|Any CPU
		{A5B39DDB-433E-4130-857E-AA81671B25B7}.Debug|Any CPU.Build.0 = Debug|Any CPU
		{A5B39DDB-433E-4130-857E-AA81671B25B7}.Release|Any CPU.ActiveCfg = Release|Any CPU
		{A5B39DDB-433E-4130-857E-AA81671B25B7}.Release|Any CPU.Build.0 = Release|Any CPU
	EndGlobalSection
	GlobalSection(SolutionProperties) = preSolution
		HideSolutionNode = FALSE
	EndGlobalSection
	GlobalSection(ExtensibilityGlobals) = postSolution
		SolutionGuid = {5932AB68-B12D-4DF6-AC2A-CDAB1AEA05D4}
	EndGlobalSection
EndGlobal
